
Microsoft Visual Studio Solution File, Format Version 12.00
# Visual Studio Version 16
VisualStudioVersion = 16.0.31205.134
MinimumVisualStudioVersion = 10.0.40219.1
Project("{FAE04EC0-301F-11D3-BF4B-00C04F79EFBC}") = "POAVE.Plugins", "POAVE.Plugins\POAVE.Plugins.csproj", "{9578389A-E12F-49C7-A34B-C145F4A4EFDA}"
EndProject
Global
	GlobalSection(SolutionConfigurationPlatforms) = preSolution
		Debug|Any CPU = Debug|Any CPU
		Release|Any CPU = Release|Any CPU
	EndGlobalSection
	GlobalSection(ProjectConfigurationPlatforms) = postSolution
		{9578389A-E12F-49C7-A34B-C145F4A4EFDA}.Debug|Any CPU.ActiveCfg = Debug|Any CPU
		{9578389A-E12F-49C7-A34B-C145F4A4EFDA}.Debug|Any CPU.Build.0 = Debug|Any CPU
		{9578389A-E12F-49C7-A34B-C145F4A4EFDA}.Release|Any CPU.ActiveCfg = Release|Any CPU
		{9578389A-E12F-49C7-A34B-C145F4A4EFDA}.Release|Any CPU.Build.0 = Release|Any CPU
	EndGlobalSection
	GlobalSection(SolutionProperties) = preSolution
		HideSolutionNode = FALSE
	EndGlobalSection
	GlobalSection(ExtensibilityGlobals) = postSolution
		SolutionGuid = {A4F21644-8B9D-44D6-98BA-6293C6F8585A}
	EndGlobalSection
EndGlobal
